
Microsoft Visual Studio Solution File, Format Version 12.00
# Visual Studio Version 17
VisualStudioVersion = 17.1.32319.34
MinimumVisualStudioVersion = 10.0.40219.1
Project("{9A19103F-16F7-4668-BE54-9A1E7A4F7556}") = "HardCode.Domain", "HardCode.Domain\HardCode.Domain.csproj", "{496154BE-63FE-4D16-8267-6BF1412C9433}"
EndProject
Project("{9A19103F-16F7-4668-BE54-9A1E7A4F7556}") = "HardCode.DataAccess", "HardCode.DataAccess\HardCode.DataAccess.csproj", "{9445A327-9DC1-4C98-86BE-AB311ABD8DC8}"
EndProject
Project("{9A19103F-16F7-4668-BE54-9A1E7A4F7556}") = "HardCode.WebAPI", "HardCode.WebAPI\HardCode.WebAPI.csproj", "{547DAAA3-6691-4E73-A227-D1CA5F3E3C72}"
EndProject
Global
	GlobalSection(SolutionConfigurationPlatforms) = preSolution
		Debug|Any CPU = Debug|Any CPU
		Release|Any CPU = Release|Any CPU
	EndGlobalSection
	GlobalSection(ProjectConfigurationPlatforms) = postSolution
		{496154BE-63FE-4D16-8267-6BF1412C9433}.Debug|Any CPU.ActiveCfg = Debug|Any CPU
		{496154BE-63FE-4D16-8267-6BF1412C9433}.Debug|Any CPU.Build.0 = Debug|Any CPU
		{496154BE-63FE-4D16-8267-6BF1412C9433}.Release|Any CPU.ActiveCfg = Release|Any CPU
		{496154BE-63FE-4D16-8267-6BF1412C9433}.Release|Any CPU.Build.0 = Release|Any CPU
		{9445A327-9DC1-4C98-86BE-AB311ABD8DC8}.Debug|Any CPU.ActiveCfg = Debug|Any CPU
		{9445A327-9DC1-4C98-86BE-AB311ABD8DC8}.Debug|Any CPU.Build.0 = Debug|Any CPU
		{9445A327-9DC1-4C98-86BE-AB311ABD8DC8}.Release|Any CPU.ActiveCfg = Release|Any CPU
		{9445A327-9DC1-4C98-86BE-AB311ABD8DC8}.Release|Any CPU.Build.0 = Release|Any CPU
		{547DAAA3-6691-4E73-A227-D1CA5F3E3C72}.Debug|Any CPU.ActiveCfg = Debug|Any CPU
		{547DAAA3-6691-4E73-A227-D1CA5F3E3C72}.Debug|Any CPU.Build.0 = Debug|Any CPU
		{547DAAA3-6691-4E73-A227-D1CA5F3E3C72}.Release|Any CPU.ActiveCfg = Release|Any CPU
		{547DAAA3-6691-4E73-A227-D1CA5F3E3C72}.Release|Any CPU.Build.0 = Release|Any CPU
	EndGlobalSection
	GlobalSection(SolutionProperties) = preSolution
		HideSolutionNode = FALSE
	EndGlobalSection
	GlobalSection(ExtensibilityGlobals) = postSolution
		SolutionGuid = {9EEEAE1D-FC4F-417E-8E94-E7D8E8A4DA65}
	EndGlobalSection
EndGlobal
